
Microsoft Visual Studio Solution File, Format Version 12.00
# Visual Studio Version 17
VisualStudioVersion = 17.14.36401.2 d17.14
MinimumVisualStudioVersion = 10.0.40219.1
Project("{FAE04EC0-301F-11D3-BF4B-00C04F79EFBC}") = "demofinal", "demofinal\demofinal.csproj", "{3B53A886-048E-4DDD-AF3A-28294A8DD12F}"
EndProject
Global
	GlobalSection(SolutionConfigurationPlatforms) = preSolution
		Debug|Any CPU = Debug|Any CPU
		Release|Any CPU = Release|Any CPU
	EndGlobalSection
	GlobalSection(ProjectConfigurationPlatforms) = postSolution
		{3B53A886-048E-4DDD-AF3A-28294A8DD12F}.Debug|Any CPU.ActiveCfg = Debug|Any CPU
		{3B53A886-048E-4DDD-AF3A-28294A8DD12F}.Debug|Any CPU.Build.0 = Debug|Any CPU
		{3B53A886-048E-4DDD-AF3A-28294A8DD12F}.Release|Any CPU.ActiveCfg = Release|Any CPU
		{3B53A886-048E-4DDD-AF3A-28294A8DD12F}.Release|Any CPU.Build.0 = Release|Any CPU
	EndGlobalSection
	GlobalSection(SolutionProperties) = preSolution
		HideSolutionNode = FALSE
	EndGlobalSection
	GlobalSection(ExtensibilityGlobals) = postSolution
		SolutionGuid = {156F5D2F-90D3-4547-ABF1-45613550C06C}
	EndGlobalSection
EndGlobal
